<?xml version="1.0" encoding="utf-8"?>
<Project ToolsVersion="4.0" xmlns="http://schemas.microsoft.com/developer/msbuild/2003">
  <ItemGroup>
    <Filter Include="Honey">
      <UniqueIdentifier>{E8A3540D-54B8-7CBE-1D3A-201E890D79EF}</UniqueIdentifier>
    </Filter>
    <Filter Include="Honey\Events">
      <UniqueIdentifier>{CCDA7D18-B83D-0DBD-61C3-45734D05D93F}</UniqueIdentifier>
    </Filter>
  </ItemGroup>
  <ItemGroup>
    <ClInclude Include="src\Honey\Events\application_event.h">
      <Filter>Honey\Events</Filter>
    </ClInclude>
    <ClInclude Include="src\Honey\Events\event.h">
      <Filter>Honey\Events</Filter>
    </ClInclude>
    <ClInclude Include="src\Honey\Events\key_event.h">
      <Filter>Honey\Events</Filter>
    </ClInclude>
    <ClInclude Include="src\Honey\Events\mouse_event.h">
      <Filter>Honey\Events</Filter>
    </ClInclude>
    <ClInclude Include="src\Honey\application.h">
      <Filter>Honey</Filter>
    </ClInclude>
    <ClInclude Include="src\Honey\core.h">
      <Filter>Honey</Filter>
    </ClInclude>
    <ClInclude Include="src\Honey\entry_point.h">
      <Filter>Honey</Filter>
    </ClInclude>
    <ClInclude Include="src\Honey\log.h">
      <Filter>Honey</Filter>
    </ClInclude>
    <ClInclude Include="src\honey.h" />
    <ClInclude Include="src\honey_pch.h" />
    <ClInclude Include="src\Honey\window.h" />
    <ClInclude Include="src\Platform\windows\windows_window.h" />
  </ItemGroup>
  <ItemGroup>
    <ClCompile Include="src\Honey\application.cpp">
      <Filter>Honey</Filter>
    </ClCompile>
    <ClCompile Include="src\Honey\log.cpp">
      <Filter>Honey</Filter>
    </ClCompile>
    <ClCompile Include="src\honey_pch.cpp" />
    <ClCompile Include="src\Platform\windows\windows_windows.cpp" />
  </ItemGroup>
</Project>